# This file is @generated by PDM.
# It is not intended for manual editing.

[metadata]
groups = ["default"]
strategy = ["inherit_metadata"]
lock_version = "4.5.0"
content_hash = "sha256:18e4751a3d0e5952f1d96e996d2ed2b30cb76119b8c9a015a997937fb4f628b2"

[[metadata.targets]]
requires_python = "==3.10.*"

[[package]]
name = "aiosqlite"
version = "0.17.0"
requires_python = ">=3.6"
summary = "asyncio bridge to the standard sqlite3 module"
groups = ["default"]
dependencies = [
    "typing-extensions>=3.7.2",
]
files = [
    {file = "aiosqlite-0.17.0-py3-none-any.whl", hash = "sha256:6c49dc6d3405929b1d08eeccc72306d3677503cc5e5e43771efc1e00232e8231"},
    {file = "aiosqlite-0.17.0.tar.gz", hash = "sha256:f0e6acc24bc4864149267ac82fb46dfb3be4455f99fe21df82609cc6e6baee51"},
]

[[package]]
name = "altgraph"
version = "0.17.4"
summary = "Python graph (network) package"
groups = ["default"]
files = [
    {file = "altgraph-0.17.4-py2.py3-none-any.whl", hash = "sha256:642743b4750de17e655e6711601b077bc6598dbfa3ba5fa2b2a35ce12b508dff"},
    {file = "altgraph-0.17.4.tar.gz", hash = "sha256:1b5afbb98f6c4dcadb2e2ae6ab9fa994bbb8c1d75f4fa96d340f9437ae454406"},
]

[[package]]
name = "annotated-types"
version = "0.7.0"
requires_python = ">=3.8"
summary = "Reusable constraint types to use with typing.Annotated"
groups = ["default"]
dependencies = [
    "typing-extensions>=4.0.0; python_version < \"3.9\"",
]
files = [
    {file = "annotated_types-0.7.0-py3-none-any.whl", hash = "sha256:1f02e8b43a8fbbc3f3e0d4f0f4bfc8131bcb4eebe8849b8e5c773f3a1c582a53"},
    {file = "annotated_types-0.7.0.tar.gz", hash = "sha256:aff07c09a53a08bc8cfccb9c85b05f1aa9a2a6f23728d790723543408344ce89"},
]

[[package]]
name = "anyio"
version = "4.6.0"
requires_python = ">=3.9"
summary = "High level compatibility layer for multiple asynchronous event loop implementations"
groups = ["default"]
dependencies = [
    "exceptiongroup>=1.0.2; python_version < \"3.11\"",
    "idna>=2.8",
    "sniffio>=1.1",
    "typing-extensions>=4.1; python_version < \"3.11\"",
]
files = [
    {file = "anyio-4.6.0-py3-none-any.whl", hash = "sha256:c7d2e9d63e31599eeb636c8c5c03a7e108d73b345f064f1c19fdc87b79036a9a"},
    {file = "anyio-4.6.0.tar.gz", hash = "sha256:137b4559cbb034c477165047febb6ff83f390fc3b20bf181c1fc0a728cb8beeb"},
]

[[package]]
name = "click"
version = "8.1.7"
requires_python = ">=3.7"
summary = "Composable command line interface toolkit"
groups = ["default"]
dependencies = [
    "colorama; platform_system == \"Windows\"",
    "importlib-metadata; python_version < \"3.8\"",
]
files = [
    {file = "click-8.1.7-py3-none-any.whl", hash = "sha256:ae74fb96c20a0277a1d615f1e4d73c8414f5a98db8b799a7931d1582f3390c28"},
    {file = "click-8.1.7.tar.gz", hash = "sha256:ca9853ad459e787e2192211578cc907e7594e294c7ccc834310722b41b9ca6de"},
]

[[package]]
name = "colorama"
version = "0.4.6"
requires_python = "!=3.0.*,!=3.1.*,!=3.2.*,!=3.3.*,!=3.4.*,!=3.5.*,!=3.6.*,>=2.7"
summary = "Cross-platform colored terminal text."
groups = ["default"]
marker = "sys_platform == \"win32\" or platform_system == \"Windows\""
files = [
    {file = "colorama-0.4.6-py2.py3-none-any.whl", hash = "sha256:4f1d9991f5acc0ca119f9d443620b77f9d6b33703e51011c16baf57afb285fc6"},
    {file = "colorama-0.4.6.tar.gz", hash = "sha256:08695f5cb7ed6e0531a20572697297273c47b8cae5a63ffc6d6ed5c201be6e44"},
]

[[package]]
name = "exceptiongroup"
version = "1.2.2"
requires_python = ">=3.7"
summary = "Backport of PEP 654 (exception groups)"
groups = ["default"]
marker = "python_version < \"3.11\""
files = [
    {file = "exceptiongroup-1.2.2-py3-none-any.whl", hash = "sha256:3111b9d131c238bec2f8f516e123e14ba243563fb135d3fe885990585aa7795b"},
    {file = "exceptiongroup-1.2.2.tar.gz", hash = "sha256:47c2edf7c6738fafb49fd34290706d1a1a2f4d1c6df275526b62cbb4aa5393cc"},
]

[[package]]
name = "fastapi"
version = "0.115.0"
requires_python = ">=3.8"
summary = "FastAPI framework, high performance, easy to learn, fast to code, ready for production"
groups = ["default"]
dependencies = [
    "pydantic!=1.8,!=1.8.1,!=2.0.0,!=2.0.1,!=2.1.0,<3.0.0,>=1.7.4",
    "starlette<0.39.0,>=0.37.2",
    "typing-extensions>=4.8.0",
]
files = [
    {file = "fastapi-0.115.0-py3-none-any.whl", hash = "sha256:17ea427674467486e997206a5ab25760f6b09e069f099b96f5b55a32fb6f1631"},
    {file = "fastapi-0.115.0.tar.gz", hash = "sha256:f93b4ca3529a8ebc6fc3fcf710e5efa8de3df9b41570958abf1d97d843138004"},
]

[[package]]
name = "h11"
version = "0.14.0"
requires_python = ">=3.7"
summary = "A pure-Python, bring-your-own-I/O implementation of HTTP/1.1"
groups = ["default"]
dependencies = [
    "typing-extensions; python_version < \"3.8\"",
]
files = [
    {file = "h11-0.14.0-py3-none-any.whl", hash = "sha256:e3fe4ac4b851c468cc8363d500db52c2ead036020723024a109d37346efaa761"},
    {file = "h11-0.14.0.tar.gz", hash = "sha256:8f19fbbe99e72420ff35c00b27a34cb9937e902a8b810e2c88300c6f0a3b699d"},
]

[[package]]
name = "idna"
version = "3.10"
requires_python = ">=3.6"
summary = "Internationalized Domain Names in Applications (IDNA)"
groups = ["default"]
files = [
    {file = "idna-3.10-py3-none-any.whl", hash = "sha256:946d195a0d259cbba61165e88e65941f16e9b36ea6ddb97f00452bae8b1287d3"},
    {file = "idna-3.10.tar.gz", hash = "sha256:12f65c9b470abda6dc35cf8e63cc574b1c52b11df2c86030af0ac09b01b13ea9"},
]

[[package]]
name = "iso8601"
version = "1.1.0"
requires_python = ">=3.6.2,<4.0"
summary = "Simple module to parse ISO 8601 dates"
groups = ["default"]
files = [
    {file = "iso8601-1.1.0-py3-none-any.whl", hash = "sha256:8400e90141bf792bce2634df533dc57e3bee19ea120a87bebcd3da89a58ad73f"},
    {file = "iso8601-1.1.0.tar.gz", hash = "sha256:32811e7b81deee2063ea6d2e94f8819a86d1f3811e49d23623a41fa832bef03f"},
]

[[package]]
name = "loguru"
version = "0.7.2"
requires_python = ">=3.5"
summary = "Python logging made (stupidly) simple"
groups = ["default"]
dependencies = [
    "aiocontextvars>=0.2.0; python_version < \"3.7\"",
    "colorama>=0.3.4; sys_platform == \"win32\"",
    "win32-setctime>=1.0.0; sys_platform == \"win32\"",
]
files = [
    {file = "loguru-0.7.2-py3-none-any.whl", hash = "sha256:003d71e3d3ed35f0f8984898359d65b79e5b21943f78af86aa5491210429b8eb"},
    {file = "loguru-0.7.2.tar.gz", hash = "sha256:e671a53522515f34fd406340ee968cb9ecafbc4b36c679da03c18fd8d0bd51ac"},
]

[[package]]
name = "macholib"
version = "1.16.3"
summary = "Mach-O header analysis and editing"
groups = ["default"]
marker = "sys_platform == \"darwin\""
dependencies = [
    "altgraph>=0.17",
]
files = [
    {file = "macholib-1.16.3-py2.py3-none-any.whl", hash = "sha256:0e315d7583d38b8c77e815b1ecbdbf504a8258d8b3e17b61165c6feb60d18f2c"},
    {file = "macholib-1.16.3.tar.gz", hash = "sha256:07ae9e15e8e4cd9a788013d81f5908b3609aa76f9b1421bae9c4d7606ec86a30"},
]

[[package]]
name = "packaging"
version = "24.1"
requires_python = ">=3.8"
summary = "Core utilities for Python packages"
groups = ["default"]
files = [
    {file = "packaging-24.1-py3-none-any.whl", hash = "sha256:5b8f2217dbdbd2f7f384c41c628544e6d52f2d0f53c6d0c3ea61aa5d1d7ff124"},
    {file = "packaging-24.1.tar.gz", hash = "sha256:026ed72c8ed3fcce5bf8950572258698927fd1dbda10a5e981cdf0ac37f4f002"},
]

[[package]]
name = "pefile"
version = "2024.8.26"
requires_python = ">=3.6.0"
summary = "Python PE parsing module"
groups = ["default"]
marker = "sys_platform == \"win32\""
files = [
    {file = "pefile-2024.8.26-py3-none-any.whl", hash = "sha256:76f8b485dcd3b1bb8166f1128d395fa3d87af26360c2358fb75b80019b957c6f"},
    {file = "pefile-2024.8.26.tar.gz", hash = "sha256:3ff6c5d8b43e8c37bb6e6dd5085658d658a7a0bdcd20b6a07b1fcfc1c4e9d632"},
]

[[package]]
name = "pydantic"
version = "2.9.2"
requires_python = ">=3.8"
summary = "Data validation using Python type hints"
groups = ["default"]
dependencies = [
    "annotated-types>=0.6.0",
    "pydantic-core==2.23.4",
    "typing-extensions>=4.12.2; python_version >= \"3.13\"",
    "typing-extensions>=4.6.1; python_version < \"3.13\"",
]
files = [
    {file = "pydantic-2.9.2-py3-none-any.whl", hash = "sha256:f048cec7b26778210e28a0459867920654d48e5e62db0958433636cde4254f12"},
    {file = "pydantic-2.9.2.tar.gz", hash = "sha256:d155cef71265d1e9807ed1c32b4c8deec042a44a50a4188b25ac67ecd81a9c0f"},
]

[[package]]
name = "pydantic-core"
version = "2.23.4"
requires_python = ">=3.8"
summary = "Core functionality for Pydantic validation and serialization"
groups = ["default"]
dependencies = [
    "typing-extensions!=4.7.0,>=4.6.0",
]
files = [
    {file = "pydantic_core-2.23.4-cp310-cp310-macosx_10_12_x86_64.whl", hash = "sha256:b10bd51f823d891193d4717448fab065733958bdb6a6b351967bd349d48d5c9b"},
    {file = "pydantic_core-2.23.4-cp310-cp310-macosx_11_0_arm64.whl", hash = "sha256:4fc714bdbfb534f94034efaa6eadd74e5b93c8fa6315565a222f7b6f42ca1166"},
    {file = "pydantic_core-2.23.4-cp310-cp310-manylinux_2_17_aarch64.manylinux2014_aarch64.whl", hash = "sha256:63e46b3169866bd62849936de036f901a9356e36376079b05efa83caeaa02ceb"},
    {file = "pydantic_core-2.23.4-cp310-cp310-manylinux_2_17_armv7l.manylinux2014_armv7l.whl", hash = "sha256:ed1a53de42fbe34853ba90513cea21673481cd81ed1be739f7f2efb931b24916"},
    {file = "pydantic_core-2.23.4-cp310-cp310-manylinux_2_17_ppc64le.manylinux2014_ppc64le.whl", hash = "sha256:cfdd16ab5e59fc31b5e906d1a3f666571abc367598e3e02c83403acabc092e07"},
    {file = "pydantic_core-2.23.4-cp310-cp310-manylinux_2_17_s390x.manylinux2014_s390x.whl", hash = "sha256:255a8ef062cbf6674450e668482456abac99a5583bbafb73f9ad469540a3a232"},
    {file = "pydantic_core-2.23.4-cp310-cp310-manylinux_2_17_x86_64.manylinux2014_x86_64.whl", hash = "sha256:4a7cd62e831afe623fbb7aabbb4fe583212115b3ef38a9f6b71869ba644624a2"},
    {file = "pydantic_core-2.23.4-cp310-cp310-manylinux_2_5_i686.manylinux1_i686.whl", hash = "sha256:f09e2ff1f17c2b51f2bc76d1cc33da96298f0a036a137f5440ab3ec5360b624f"},
    {file = "pydantic_core-2.23.4-cp310-cp310-musllinux_1_1_aarch64.whl", hash = "sha256:e38e63e6f3d1cec5a27e0afe90a085af8b6806ee208b33030e65b6516353f1a3"},
    {file = "pydantic_core-2.23.4-cp310-cp310-musllinux_1_1_x86_64.whl", hash = "sha256:0dbd8dbed2085ed23b5c04afa29d8fd2771674223135dc9bc937f3c09284d071"},
    {file = "pydantic_core-2.23.4-cp310-none-win32.whl", hash = "sha256:6531b7ca5f951d663c339002e91aaebda765ec7d61b7d1e3991051906ddde119"},
    {file = "pydantic_core-2.23.4-cp310-none-win_amd64.whl", hash = "sha256:7c9129eb40958b3d4500fa2467e6a83356b3b61bfff1b414c7361d9220f9ae8f"},
    {file = "pydantic_core-2.23.4-pp310-pypy310_pp73-macosx_10_12_x86_64.whl", hash = "sha256:f455ee30a9d61d3e1a15abd5068827773d6e4dc513e795f380cdd59932c782d5"},
    {file = "pydantic_core-2.23.4-pp310-pypy310_pp73-macosx_11_0_arm64.whl", hash = "sha256:1e90d2e3bd2c3863d48525d297cd143fe541be8bbf6f579504b9712cb6b643ec"},
    {file = "pydantic_core-2.23.4-pp310-pypy310_pp73-manylinux_2_17_aarch64.manylinux2014_aarch64.whl", hash = "sha256:2e203fdf807ac7e12ab59ca2bfcabb38c7cf0b33c41efeb00f8e5da1d86af480"},
    {file = "pydantic_core-2.23.4-pp310-pypy310_pp73-manylinux_2_17_x86_64.manylinux2014_x86_64.whl", hash = "sha256:e08277a400de01bc72436a0ccd02bdf596631411f592ad985dcee21445bd0068"},
    {file = "pydantic_core-2.23.4-pp310-pypy310_pp73-manylinux_2_5_i686.manylinux1_i686.whl", hash = "sha256:f220b0eea5965dec25480b6333c788fb72ce5f9129e8759ef876a1d805d00801"},
    {file = "pydantic_core-2.23.4-pp310-pypy310_pp73-musllinux_1_1_aarch64.whl", hash = "sha256:d06b0c8da4f16d1d1e352134427cb194a0a6e19ad5db9161bf32b2113409e728"},
    {file = "pydantic_core-2.23.4-pp310-pypy310_pp73-musllinux_1_1_x86_64.whl", hash = "sha256:ba1a0996f6c2773bd83e63f18914c1de3c9dd26d55f4ac302a7efe93fb8e7433"},
    {file = "pydantic_core-2.23.4-pp310-pypy310_pp73-win_amd64.whl", hash = "sha256:9a5bce9d23aac8f0cf0836ecfc033896aa8443b501c58d0602dbfd5bd5b37753"},
    {file = "pydantic_core-2.23.4.tar.gz", hash = "sha256:2584f7cf844ac4d970fba483a717dbe10c1c1c96a969bf65d61ffe94df1b2863"},
]

[[package]]
name = "pyinstaller"
version = "6.10.0"
requires_python = "<3.14,>=3.8"
summary = "PyInstaller bundles a Python application and all its dependencies into a single package."
groups = ["default"]
dependencies = [
    "altgraph",
    "importlib-metadata>=4.6; python_version < \"3.10\"",
    "macholib>=1.8; sys_platform == \"darwin\"",
    "packaging>=22.0",
    "pefile>=2022.5.30; sys_platform == \"win32\"",
    "pyinstaller-hooks-contrib>=2024.8",
    "pywin32-ctypes>=0.2.1; sys_platform == \"win32\"",
    "setuptools>=42.0.0",
]
files = [
    {file = "pyinstaller-6.10.0-py3-none-macosx_10_13_universal2.whl", hash = "sha256:d60fb22859e11483af735aec115fdde09467cdbb29edd9844839f2c920b748c0"},
    {file = "pyinstaller-6.10.0-py3-none-manylinux2014_aarch64.whl", hash = "sha256:46d75359668993ddd98630a3669dc5249f3c446e35239b43bc7f4155bc574748"},
    {file = "pyinstaller-6.10.0-py3-none-manylinux2014_i686.whl", hash = "sha256:3398a98fa17d47ccb31f8779ecbdacec025f7adb2f22757a54b706ac8b4fe906"},
    {file = "pyinstaller-6.10.0-py3-none-manylinux2014_ppc64le.whl", hash = "sha256:e9989f354ae4ed8a3bec7bdb37ae0d170751d6520e500f049c7cd0632d31d5c3"},
    {file = "pyinstaller-6.10.0-py3-none-manylinux2014_s390x.whl", hash = "sha256:b7c90c91921b3749083115b28f30f40abf2bb481ceff196d2b2ce0eaa2b3d429"},
    {file = "pyinstaller-6.10.0-py3-none-manylinux2014_x86_64.whl", hash = "sha256:6cf876d7d93b8b4f28d1ad57fa24645cf43119c79e985dd5e5f7a801245e6f53"},
    {file = "pyinstaller-6.10.0-py3-none-musllinux_1_1_aarch64.whl", hash = "sha256:db05e3f2f10f9f78c56f1fb163d9cb453433429fe4281218ebaf1ebfd39ba942"},
    {file = "pyinstaller-6.10.0-py3-none-musllinux_1_1_x86_64.whl", hash = "sha256:28eca3817f176fdc19747e1afcf434f13bb9f17a644f611be2c5a61b1f498ed7"},
    {file = "pyinstaller-6.10.0-py3-none-win32.whl", hash = "sha256:703e041718987e46ba0568a2c71ecf2459fddef57cf9edf3efeed4a53e3dae3f"},
    {file = "pyinstaller-6.10.0-py3-none-win_amd64.whl", hash = "sha256:95b55966e563e8b8f31a43882aea10169e9a11fdf38e626d86a2907b640c0701"},
    {file = "pyinstaller-6.10.0-py3-none-win_arm64.whl", hash = "sha256:308e0a8670c9c9ac0cebbf1bbb492e71b6675606f2ec78bc4adfc830d209e087"},
    {file = "pyinstaller-6.10.0.tar.gz", hash = "sha256:143840f8056ff7b910bf8f16f6cd92cc10a6c2680bb76d0a25d558d543d21270"},
]

[[package]]
name = "pyinstaller-hooks-contrib"
version = "2024.8"
requires_python = ">=3.8"
summary = "Community maintained hooks for PyInstaller"
groups = ["default"]
dependencies = [
    "importlib-metadata>=4.6; python_version < \"3.10\"",
    "packaging>=22.0",
    "setuptools>=42.0.0",
]
files = [
    {file = "pyinstaller_hooks_contrib-2024.8-py3-none-any.whl", hash = "sha256:0057fe9a5c398d3f580e73e58793a1d4a8315ca91c3df01efea1c14ed557825a"},
    {file = "pyinstaller_hooks_contrib-2024.8.tar.gz", hash = "sha256:29b68d878ab739e967055b56a93eb9b58e529d5b054fbab7a2f2bacf80cef3e2"},
]

[[package]]
name = "pypika-tortoise"
version = "0.1.6"
requires_python = ">=3.7,<4.0"
summary = "Forked from pypika and streamline just for tortoise-orm"
groups = ["default"]
files = [
    {file = "pypika-tortoise-0.1.6.tar.gz", hash = "sha256:d802868f479a708e3263724c7b5719a26ad79399b2a70cea065f4a4cadbebf36"},
    {file = "pypika_tortoise-0.1.6-py3-none-any.whl", hash = "sha256:2d68bbb7e377673743cff42aa1059f3a80228d411fbcae591e4465e173109fd8"},
]

[[package]]
name = "pytz"
version = "2024.2"
summary = "World timezone definitions, modern and historical"
groups = ["default"]
files = [
    {file = "pytz-2024.2-py2.py3-none-any.whl", hash = "sha256:31c7c1817eb7fae7ca4b8c7ee50c72f93aa2dd863de768e1ef4245d426aa0725"},
    {file = "pytz-2024.2.tar.gz", hash = "sha256:2aa355083c50a0f93fa581709deac0c9ad65cca8a9e9beac660adcbd493c798a"},
]

[[package]]
name = "pywin32-ctypes"
version = "0.2.3"
requires_python = ">=3.6"
summary = "A (partial) reimplementation of pywin32 using ctypes/cffi"
groups = ["default"]
marker = "sys_platform == \"win32\""
files = [
    {file = "pywin32-ctypes-0.2.3.tar.gz", hash = "sha256:d162dc04946d704503b2edc4d55f3dba5c1d539ead017afa00142c38b9885755"},
    {file = "pywin32_ctypes-0.2.3-py3-none-any.whl", hash = "sha256:8a1513379d709975552d202d942d9837758905c8d01eb82b8bcc30918929e7b8"},
]

[[package]]
name = "setuptools"
version = "75.1.0"
requires_python = ">=3.8"
summary = "Easily download, build, install, upgrade, and uninstall Python packages"
groups = ["default"]
files = [
    {file = "setuptools-75.1.0-py3-none-any.whl", hash = "sha256:35ab7fd3bcd95e6b7fd704e4a1539513edad446c097797f2985e0e4b960772f2"},
    {file = "setuptools-75.1.0.tar.gz", hash = "sha256:d59a21b17a275fb872a9c3dae73963160ae079f1049ed956880cd7c09b120538"},
]

[[package]]
name = "sniffio"
version = "1.3.1"
requires_python = ">=3.7"
summary = "Sniff out which async library your code is running under"
groups = ["default"]
files = [
    {file = "sniffio-1.3.1-py3-none-any.whl", hash = "sha256:2f6da418d1f1e0fddd844478f41680e794e6051915791a034ff65e5f100525a2"},
    {file = "sniffio-1.3.1.tar.gz", hash = "sha256:f4324edc670a0f49750a81b895f35c3adb843cca46f0530f79fc1babb23789dc"},
]

[[package]]
name = "starlette"
version = "0.38.6"
requires_python = ">=3.8"
summary = "The little ASGI library that shines."
groups = ["default"]
dependencies = [
    "anyio<5,>=3.4.0",
    "typing-extensions>=3.10.0; python_version < \"3.10\"",
]
files = [
    {file = "starlette-0.38.6-py3-none-any.whl", hash = "sha256:4517a1409e2e73ee4951214ba012052b9e16f60e90d73cfb06192c19203bbb05"},
    {file = "starlette-0.38.6.tar.gz", hash = "sha256:863a1588f5574e70a821dadefb41e4881ea451a47a3cd1b4df359d4ffefe5ead"},
]

[[package]]
name = "tortoise-orm"
version = "0.21.6"
requires_python = "<4.0,>=3.8"
summary = "Easy async ORM for python, built with relations in mind"
groups = ["default"]
dependencies = [
    "aiosqlite<0.18.0,>=0.16.0",
    "iso8601<2.0.0,>=1.0.2",
    "pydantic!=2.7.0,<3.0,>=2.0",
    "pypika-tortoise<0.2.0,>=0.1.6",
    "pytz",
]
files = [
    {file = "tortoise_orm-0.21.6-py3-none-any.whl", hash = "sha256:98fcf07dce3396075eac36b0d2b14d2267ff875d32455e03ee15e38de2f138df"},
    {file = "tortoise_orm-0.21.6.tar.gz", hash = "sha256:0fbc718001647bf282c01eaaa360f94f1432c9281701244180703d48d58a88ec"},
]

[[package]]
name = "typing-extensions"
version = "4.12.2"
requires_python = ">=3.8"
summary = "Backported and Experimental Type Hints for Python 3.8+"
groups = ["default"]
files = [
    {file = "typing_extensions-4.12.2-py3-none-any.whl", hash = "sha256:04e5ca0351e0f3f85c6853954072df659d0d13fac324d0072316b67d7794700d"},
    {file = "typing_extensions-4.12.2.tar.gz", hash = "sha256:1a7ead55c7e559dd4dee8856e3a88b41225abfe1ce8df57b7c13915fe121ffb8"},
]

[[package]]
name = "uvicorn"
version = "0.31.0"
requires_python = ">=3.8"
summary = "The lightning-fast ASGI server."
groups = ["default"]
dependencies = [
    "click>=7.0",
    "h11>=0.8",
    "typing-extensions>=4.0; python_version < \"3.11\"",
]
files = [
    {file = "uvicorn-0.31.0-py3-none-any.whl", hash = "sha256:cac7be4dd4d891c363cd942160a7b02e69150dcbc7a36be04d5f4af4b17c8ced"},
    {file = "uvicorn-0.31.0.tar.gz", hash = "sha256:13bc21373d103859f68fe739608e2eb054a816dea79189bc3ca08ea89a275906"},
]

[[package]]
name = "win32-setctime"
version = "1.1.0"
requires_python = ">=3.5"
summary = "A small Python utility to set file creation time on Windows"
groups = ["default"]
marker = "sys_platform == \"win32\""
files = [
    {file = "win32_setctime-1.1.0-py3-none-any.whl", hash = "sha256:231db239e959c2fe7eb1d7dc129f11172354f98361c4fa2d6d2d7e278baa8aad"},
    {file = "win32_setctime-1.1.0.tar.gz", hash = "sha256:15cf5750465118d6929ae4de4eb46e8edae9a5634350c01ba582df868e932cb2"},
]
